{
  "name": "cli-skill-release-automation",
  "version": "0.0.0-development",
  "lockfileVersion": 3,
  "requires": true,
  "packages": {
    "": {
      "name": "cli-skill-release-automation",
      "version": "0.0.0-development",
      "license": "UNLICENSED",
      "packageManager": "npm@10.x",
      "engines": {
        "node": "22.x",
        "npm": "10.x"
      }
    }
  }
}
